
Microsoft Visual Studio Solution File, Format Version 12.00
# Visual Studio 15
VisualStudioVersion = 15.0.27703.2047
MinimumVisualStudioVersion = 10.0.40219.1
Project("{FAE04EC0-301F-11D3-BF4B-00C04F79EFBC}") = "webapi", "webapi\webapi.csproj", "{E0EC8B1A-5F18-490D-A434-B18F17E032E0}"
EndProject
Project("{9A19103F-16F7-4668-BE54-9A1E7A4F7556}") = "Hexagon.Data", "Data\Hexagon.Data\Hexagon.Data.csproj", "{61C73E57-BDE4-4BFB-B58C-ADB1808C1BC1}"
EndProject
Project("{9A19103F-16F7-4668-BE54-9A1E7A4F7556}") = "Hexagon.Data.DataAccess", "Data\Hexagon.Data.DataAccess\Hexagon.Data.DataAccess.csproj", "{9E346530-4958-4636-86E2-A51540DFFF95}"
EndProject
Project("{9A19103F-16F7-4668-BE54-9A1E7A4F7556}") = "Hexagon.Data.Repository", "Data\Hexagon.Data.Repository\Hexagon.Data.Repository.csproj", "{48A3BE8B-CEA3-48CB-919A-7F1A55652DC6}"
EndProject
Project("{2150E333-8FDC-42A3-9474-1A3956D46DE8}") = "Data", "Data", "{F4202AA1-B558-4132-8709-8ADE9074B930}"
EndProject
Project("{2150E333-8FDC-42A3-9474-1A3956D46DE8}") = "Service", "Service", "{286886B1-7421-4744-8CBF-99BD5E937CBD}"
EndProject
Project("{9A19103F-16F7-4668-BE54-9A1E7A4F7556}") = "Hexagon.IService", "Service\Hexagon.IService\Hexagon.IService.csproj", "{256BC25B-5916-4472-8F15-DF3F974905A1}"
EndProject
Project("{9A19103F-16F7-4668-BE54-9A1E7A4F7556}") = "Hexagon.Service", "Service\Hexagon.Service\Hexagon.Service.csproj", "{DE3098F7-8629-45D9-BCFE-FB15309EEF64}"
EndProject
Project("{2150E333-8FDC-42A3-9474-1A3956D46DE8}") = "Util", "Util", "{BC806758-4728-44A3-8B0A-9CB14B8C5CA3}"
EndProject
Project("{9A19103F-16F7-4668-BE54-9A1E7A4F7556}") = "Hexagon.Util", "Util\Hexagon.Util\Hexagon.Util.csproj", "{691B0931-F20C-4D33-B1E6-2A20FA3812BB}"
EndProject
Global
	GlobalSection(SolutionConfigurationPlatforms) = preSolution
		Debug|Any CPU = Debug|Any CPU
		Release|Any CPU = Release|Any CPU
	EndGlobalSection
	GlobalSection(ProjectConfigurationPlatforms) = postSolution
		{E0EC8B1A-5F18-490D-A434-B18F17E032E0}.Debug|Any CPU.ActiveCfg = Debug|Any CPU
		{E0EC8B1A-5F18-490D-A434-B18F17E032E0}.Debug|Any CPU.Build.0 = Debug|Any CPU
		{E0EC8B1A-5F18-490D-A434-B18F17E032E0}.Release|Any CPU.ActiveCfg = Release|Any CPU
		{E0EC8B1A-5F18-490D-A434-B18F17E032E0}.Release|Any CPU.Build.0 = Release|Any CPU
		{61C73E57-BDE4-4BFB-B58C-ADB1808C1BC1}.Debug|Any CPU.ActiveCfg = Debug|Any CPU
		{61C73E57-BDE4-4BFB-B58C-ADB1808C1BC1}.Debug|Any CPU.Build.0 = Debug|Any CPU
		{61C73E57-BDE4-4BFB-B58C-ADB1808C1BC1}.Release|Any CPU.ActiveCfg = Release|Any CPU
		{61C73E57-BDE4-4BFB-B58C-ADB1808C1BC1}.Release|Any CPU.Build.0 = Release|Any CPU
		{9E346530-4958-4636-86E2-A51540DFFF95}.Debug|Any CPU.ActiveCfg = Debug|Any CPU
		{9E346530-4958-4636-86E2-A51540DFFF95}.Debug|Any CPU.Build.0 = Debug|Any CPU
		{9E346530-4958-4636-86E2-A51540DFFF95}.Release|Any CPU.ActiveCfg = Release|Any CPU
		{9E346530-4958-4636-86E2-A51540DFFF95}.Release|Any CPU.Build.0 = Release|Any CPU
		{48A3BE8B-CEA3-48CB-919A-7F1A55652DC6}.Debug|Any CPU.ActiveCfg = Debug|Any CPU
		{48A3BE8B-CEA3-48CB-919A-7F1A55652DC6}.Debug|Any CPU.Build.0 = Debug|Any CPU
		{48A3BE8B-CEA3-48CB-919A-7F1A55652DC6}.Release|Any CPU.ActiveCfg = Release|Any CPU
		{48A3BE8B-CEA3-48CB-919A-7F1A55652DC6}.Release|Any CPU.Build.0 = Release|Any CPU
		{256BC25B-5916-4472-8F15-DF3F974905A1}.Debug|Any CPU.ActiveCfg = Debug|Any CPU
		{256BC25B-5916-4472-8F15-DF3F974905A1}.Debug|Any CPU.Build.0 = Debug|Any CPU
		{256BC25B-5916-4472-8F15-DF3F974905A1}.Release|Any CPU.ActiveCfg = Release|Any CPU
		{256BC25B-5916-4472-8F15-DF3F974905A1}.Release|Any CPU.Build.0 = Release|Any CPU
		{DE3098F7-8629-45D9-BCFE-FB15309EEF64}.Debug|Any CPU.ActiveCfg = Debug|Any CPU
		{DE3098F7-8629-45D9-BCFE-FB15309EEF64}.Debug|Any CPU.Build.0 = Debug|Any CPU
		{DE3098F7-8629-45D9-BCFE-FB15309EEF64}.Release|Any CPU.ActiveCfg = Release|Any CPU
		{DE3098F7-8629-45D9-BCFE-FB15309EEF64}.Release|Any CPU.Build.0 = Release|Any CPU
		{691B0931-F20C-4D33-B1E6-2A20FA3812BB}.Debug|Any CPU.ActiveCfg = Debug|Any CPU
		{691B0931-F20C-4D33-B1E6-2A20FA3812BB}.Debug|Any CPU.Build.0 = Debug|Any CPU
		{691B0931-F20C-4D33-B1E6-2A20FA3812BB}.Release|Any CPU.ActiveCfg = Release|Any CPU
		{691B0931-F20C-4D33-B1E6-2A20FA3812BB}.Release|Any CPU.Build.0 = Release|Any CPU
	EndGlobalSection
	GlobalSection(SolutionProperties) = preSolution
		HideSolutionNode = FALSE
	EndGlobalSection
	GlobalSection(NestedProjects) = preSolution
		{61C73E57-BDE4-4BFB-B58C-ADB1808C1BC1} = {F4202AA1-B558-4132-8709-8ADE9074B930}
		{9E346530-4958-4636-86E2-A51540DFFF95} = {F4202AA1-B558-4132-8709-8ADE9074B930}
		{48A3BE8B-CEA3-48CB-919A-7F1A55652DC6} = {F4202AA1-B558-4132-8709-8ADE9074B930}
		{256BC25B-5916-4472-8F15-DF3F974905A1} = {286886B1-7421-4744-8CBF-99BD5E937CBD}
		{DE3098F7-8629-45D9-BCFE-FB15309EEF64} = {286886B1-7421-4744-8CBF-99BD5E937CBD}
		{691B0931-F20C-4D33-B1E6-2A20FA3812BB} = {BC806758-4728-44A3-8B0A-9CB14B8C5CA3}
	EndGlobalSection
	GlobalSection(ExtensibilityGlobals) = postSolution
		SolutionGuid = {D10091E8-C8D9-467C-929E-A2F3998451F0}
	EndGlobalSection
EndGlobal
