
Microsoft Visual Studio Solution File, Format Version 12.00
# Visual Studio 15
VisualStudioVersion = 15.0.27703.2047
MinimumVisualStudioVersion = 10.0.40219.1
Project("{9A19103F-16F7-4668-BE54-9A1E7A4F7556}") = "Hexagon.IdentityServer", "Services\Identity\Hexagon.IdentityServer\Hexagon.IdentityServer.csproj", "{A17521CE-C027-431B-BE0B-EDC7D9C018BB}"
EndProject
Project("{2150E333-8FDC-42A3-9474-1A3956D46DE8}") = "Services", "Services", "{36665AD5-0CAE-4655-94C4-A28A7DEE695E}"
EndProject
Project("{2150E333-8FDC-42A3-9474-1A3956D46DE8}") = "Identity", "Identity", "{D3BF516C-AB6A-4DD0-9D15-EEB53E2D38C7}"
EndProject
Project("{2150E333-8FDC-42A3-9474-1A3956D46DE8}") = "SharedBlocks", "SharedBlocks", "{06E127AB-138F-4ED3-BE20-08D47EA45D88}"
EndProject
Project("{2150E333-8FDC-42A3-9474-1A3956D46DE8}") = "Data", "Data", "{A266FEEE-2F19-46D6-9B6A-7E33C2E656EB}"
EndProject
Project("{9A19103F-16F7-4668-BE54-9A1E7A4F7556}") = "Hexagon.Data", "SharedBlocks\Data\Hexagon.Data\Hexagon.Data.csproj", "{04770D63-6DD6-4E6C-BA39-7E33F785B88B}"
EndProject
Project("{9A19103F-16F7-4668-BE54-9A1E7A4F7556}") = "Hexagon.Data.DataAccess", "SharedBlocks\Data\Hexagon.Data.DataAccess\Hexagon.Data.DataAccess.csproj", "{91481ABD-B20E-4DE4-8886-B8F0D07D9CE2}"
EndProject
Project("{9A19103F-16F7-4668-BE54-9A1E7A4F7556}") = "Hexagon.Data.Repository", "SharedBlocks\Data\Hexagon.Data.Repository\Hexagon.Data.Repository.csproj", "{11DBC5DB-7E34-4EF2-96A6-190987513923}"
EndProject
Project("{2150E333-8FDC-42A3-9474-1A3956D46DE8}") = "Service", "Service", "{CF1B0BBB-5BC5-4635-90B8-A8C6613A7B70}"
EndProject
Project("{9A19103F-16F7-4668-BE54-9A1E7A4F7556}") = "Hexagon.IService", "SharedBlocks\Service\Hexagon.IService\Hexagon.IService.csproj", "{A1FCD573-F886-42B4-A131-8F0611AD338E}"
EndProject
Project("{9A19103F-16F7-4668-BE54-9A1E7A4F7556}") = "Hexagon.Service", "SharedBlocks\Service\Hexagon.Service\Hexagon.Service.csproj", "{542EC4A0-263E-4F37-91A6-28D9E4058400}"
EndProject
Project("{2150E333-8FDC-42A3-9474-1A3956D46DE8}") = "Utils", "Utils", "{7BF2F91A-1AE5-41DC-B3C4-56681436863B}"
EndProject
Project("{9A19103F-16F7-4668-BE54-9A1E7A4F7556}") = "Hexagon.Util", "SharedBlocks\Util\Hexagon.Util\Hexagon.Util.csproj", "{88D36F7C-6634-4315-AE74-7E2A3C75731B}"
EndProject
Project("{2150E333-8FDC-42A3-9474-1A3956D46DE8}") = "WebApp", "WebApp", "{79CB9079-E9A1-4680-9825-E63A784B4FB4}"
EndProject
Project("{9A19103F-16F7-4668-BE54-9A1E7A4F7556}") = "webapi", "WebApp\webapi\webapi.csproj", "{53FCA91E-5AE1-4FDF-8F5A-495BA782749A}"
EndProject
Project("{FAE04EC0-301F-11D3-BF4B-00C04F79EFBC}") = "MvcClient", "MvcClient\MvcClient.csproj", "{59F4DF82-DFE3-4BFC-AA5A-60F1F3CA308E}"
EndProject
Global
	GlobalSection(SolutionConfigurationPlatforms) = preSolution
		Debug|Any CPU = Debug|Any CPU
		Release|Any CPU = Release|Any CPU
	EndGlobalSection
	GlobalSection(ProjectConfigurationPlatforms) = postSolution
		{A17521CE-C027-431B-BE0B-EDC7D9C018BB}.Debug|Any CPU.ActiveCfg = Debug|Any CPU
		{A17521CE-C027-431B-BE0B-EDC7D9C018BB}.Debug|Any CPU.Build.0 = Debug|Any CPU
		{A17521CE-C027-431B-BE0B-EDC7D9C018BB}.Release|Any CPU.ActiveCfg = Release|Any CPU
		{A17521CE-C027-431B-BE0B-EDC7D9C018BB}.Release|Any CPU.Build.0 = Release|Any CPU
		{04770D63-6DD6-4E6C-BA39-7E33F785B88B}.Debug|Any CPU.ActiveCfg = Debug|Any CPU
		{04770D63-6DD6-4E6C-BA39-7E33F785B88B}.Debug|Any CPU.Build.0 = Debug|Any CPU
		{04770D63-6DD6-4E6C-BA39-7E33F785B88B}.Release|Any CPU.ActiveCfg = Release|Any CPU
		{04770D63-6DD6-4E6C-BA39-7E33F785B88B}.Release|Any CPU.Build.0 = Release|Any CPU
		{91481ABD-B20E-4DE4-8886-B8F0D07D9CE2}.Debug|Any CPU.ActiveCfg = Debug|Any CPU
		{91481ABD-B20E-4DE4-8886-B8F0D07D9CE2}.Debug|Any CPU.Build.0 = Debug|Any CPU
		{91481ABD-B20E-4DE4-8886-B8F0D07D9CE2}.Release|Any CPU.ActiveCfg = Release|Any CPU
		{91481ABD-B20E-4DE4-8886-B8F0D07D9CE2}.Release|Any CPU.Build.0 = Release|Any CPU
		{11DBC5DB-7E34-4EF2-96A6-190987513923}.Debug|Any CPU.ActiveCfg = Debug|Any CPU
		{11DBC5DB-7E34-4EF2-96A6-190987513923}.Debug|Any CPU.Build.0 = Debug|Any CPU
		{11DBC5DB-7E34-4EF2-96A6-190987513923}.Release|Any CPU.ActiveCfg = Release|Any CPU
		{11DBC5DB-7E34-4EF2-96A6-190987513923}.Release|Any CPU.Build.0 = Release|Any CPU
		{A1FCD573-F886-42B4-A131-8F0611AD338E}.Debug|Any CPU.ActiveCfg = Debug|Any CPU
		{A1FCD573-F886-42B4-A131-8F0611AD338E}.Debug|Any CPU.Build.0 = Debug|Any CPU
		{A1FCD573-F886-42B4-A131-8F0611AD338E}.Release|Any CPU.ActiveCfg = Release|Any CPU
		{A1FCD573-F886-42B4-A131-8F0611AD338E}.Release|Any CPU.Build.0 = Release|Any CPU
		{542EC4A0-263E-4F37-91A6-28D9E4058400}.Debug|Any CPU.ActiveCfg = Debug|Any CPU
		{542EC4A0-263E-4F37-91A6-28D9E4058400}.Debug|Any CPU.Build.0 = Debug|Any CPU
		{542EC4A0-263E-4F37-91A6-28D9E4058400}.Release|Any CPU.ActiveCfg = Release|Any CPU
		{542EC4A0-263E-4F37-91A6-28D9E4058400}.Release|Any CPU.Build.0 = Release|Any CPU
		{88D36F7C-6634-4315-AE74-7E2A3C75731B}.Debug|Any CPU.ActiveCfg = Debug|Any CPU
		{88D36F7C-6634-4315-AE74-7E2A3C75731B}.Debug|Any CPU.Build.0 = Debug|Any CPU
		{88D36F7C-6634-4315-AE74-7E2A3C75731B}.Release|Any CPU.ActiveCfg = Release|Any CPU
		{88D36F7C-6634-4315-AE74-7E2A3C75731B}.Release|Any CPU.Build.0 = Release|Any CPU
		{53FCA91E-5AE1-4FDF-8F5A-495BA782749A}.Debug|Any CPU.ActiveCfg = Debug|Any CPU
		{53FCA91E-5AE1-4FDF-8F5A-495BA782749A}.Debug|Any CPU.Build.0 = Debug|Any CPU
		{53FCA91E-5AE1-4FDF-8F5A-495BA782749A}.Release|Any CPU.ActiveCfg = Release|Any CPU
		{53FCA91E-5AE1-4FDF-8F5A-495BA782749A}.Release|Any CPU.Build.0 = Release|Any CPU
		{59F4DF82-DFE3-4BFC-AA5A-60F1F3CA308E}.Debug|Any CPU.ActiveCfg = Debug|Any CPU
		{59F4DF82-DFE3-4BFC-AA5A-60F1F3CA308E}.Debug|Any CPU.Build.0 = Debug|Any CPU
		{59F4DF82-DFE3-4BFC-AA5A-60F1F3CA308E}.Release|Any CPU.ActiveCfg = Release|Any CPU
		{59F4DF82-DFE3-4BFC-AA5A-60F1F3CA308E}.Release|Any CPU.Build.0 = Release|Any CPU
	EndGlobalSection
	GlobalSection(SolutionProperties) = preSolution
		HideSolutionNode = FALSE
	EndGlobalSection
	GlobalSection(NestedProjects) = preSolution
		{A17521CE-C027-431B-BE0B-EDC7D9C018BB} = {D3BF516C-AB6A-4DD0-9D15-EEB53E2D38C7}
		{D3BF516C-AB6A-4DD0-9D15-EEB53E2D38C7} = {36665AD5-0CAE-4655-94C4-A28A7DEE695E}
		{A266FEEE-2F19-46D6-9B6A-7E33C2E656EB} = {06E127AB-138F-4ED3-BE20-08D47EA45D88}
		{04770D63-6DD6-4E6C-BA39-7E33F785B88B} = {A266FEEE-2F19-46D6-9B6A-7E33C2E656EB}
		{91481ABD-B20E-4DE4-8886-B8F0D07D9CE2} = {A266FEEE-2F19-46D6-9B6A-7E33C2E656EB}
		{11DBC5DB-7E34-4EF2-96A6-190987513923} = {A266FEEE-2F19-46D6-9B6A-7E33C2E656EB}
		{CF1B0BBB-5BC5-4635-90B8-A8C6613A7B70} = {06E127AB-138F-4ED3-BE20-08D47EA45D88}
		{A1FCD573-F886-42B4-A131-8F0611AD338E} = {CF1B0BBB-5BC5-4635-90B8-A8C6613A7B70}
		{542EC4A0-263E-4F37-91A6-28D9E4058400} = {CF1B0BBB-5BC5-4635-90B8-A8C6613A7B70}
		{7BF2F91A-1AE5-41DC-B3C4-56681436863B} = {06E127AB-138F-4ED3-BE20-08D47EA45D88}
		{88D36F7C-6634-4315-AE74-7E2A3C75731B} = {7BF2F91A-1AE5-41DC-B3C4-56681436863B}
		{53FCA91E-5AE1-4FDF-8F5A-495BA782749A} = {79CB9079-E9A1-4680-9825-E63A784B4FB4}
		{59F4DF82-DFE3-4BFC-AA5A-60F1F3CA308E} = {79CB9079-E9A1-4680-9825-E63A784B4FB4}
	EndGlobalSection
	GlobalSection(ExtensibilityGlobals) = postSolution
		SolutionGuid = {A06A8F94-A931-4AB1-A92A-0C2B551337C7}
	EndGlobalSection
EndGlobal
